
Microsoft Visual Studio Solution File, Format Version 12.00
# Visual Studio 14
VisualStudioVersion = 14.0.25420.1
MinimumVisualStudioVersion = 10.0.40219.1
Project("{2150E333-8FDC-42A3-9474-1A3956D46DE8}") = "src", "src", "{5AE3443F-9EF4-4B9E-9AEF-CA2389766BC5}"
EndProject
Project("{2150E333-8FDC-42A3-9474-1A3956D46DE8}") = "Solution Items", "Solution Items", "{5B7E884F-F004-4CE3-9141-747EDB2FB3E7}"
	ProjectSection(SolutionItems) = preProject
		global.json = global.json
	EndProjectSection
EndProject
Project("{8BB2217D-0F2D-49D1-97BC-3654ED321F3B}") = "APITest", "src\APITest\APITest.xproj", "{361455A4-3129-442B-AFE5-FBE447193D80}"
EndProject
Global
	GlobalSection(SolutionConfigurationPlatforms) = preSolution
		Debug|Any CPU = Debug|Any CPU
		Release|Any CPU = Release|Any CPU
	EndGlobalSection
	GlobalSection(ProjectConfigurationPlatforms) = postSolution
		{361455A4-3129-442B-AFE5-FBE447193D80}.Debug|Any CPU.ActiveCfg = Debug|Any CPU
		{361455A4-3129-442B-AFE5-FBE447193D80}.Debug|Any CPU.Build.0 = Debug|Any CPU
		{361455A4-3129-442B-AFE5-FBE447193D80}.Release|Any CPU.ActiveCfg = Release|Any CPU
		{361455A4-3129-442B-AFE5-FBE447193D80}.Release|Any CPU.Build.0 = Release|Any CPU
	EndGlobalSection
	GlobalSection(SolutionProperties) = preSolution
		HideSolutionNode = FALSE
	EndGlobalSection
	GlobalSection(NestedProjects) = preSolution
		{361455A4-3129-442B-AFE5-FBE447193D80} = {5AE3443F-9EF4-4B9E-9AEF-CA2389766BC5}
	EndGlobalSection
EndGlobal
